// !$*UTF8*$!
{
	archiveVersion = 1;
	classes = {
	};
	objectVersion = 50;
	objects = {

/* Begin PBXBuildFile section */
		B7E99CF9226B7DD400D783E0 /* AppDelegate.swift in Sources */ = {isa = PBXBuildFile; fileRef = B7E99CF8226B7DD400D783E0 /* AppDelegate.swift */; };
		B7E99CFB226B7DD400D783E0 /* ViewController.swift in Sources */ = {isa = PBXBuildFile; fileRef = B7E99CFA226B7DD400D783E0 /* ViewController.swift */; };
		B7E99CFE226B7DD400D783E0 /* Main.storyboard in Resources */ = {isa = PBXBuildFile; fileRef = B7E99CFC226B7DD400D783E0 /* Main.storyboard */; };
		B7E99D00226B7DD500D783E0 /* Assets.xcassets in Resources */ = {isa = PBXBuildFile; fileRef = B7E99CFF226B7DD500D783E0 /* Assets.xcassets */; };
		B7E99D03226B7DD500D783E0 /* LaunchScreen.storyboard in Resources */ = {isa = PBXBuildFile; fileRef = B7E99D01226B7DD500D783E0 /* LaunchScreen.storyboard */; };
		B7E99D0D226B7DEF00D783E0 /* GoogLeNetPlaces.mlmodel in Sources */ = {isa = PBXBuildFile; fileRef = B7E99D0A226B7DEC00D783E0 /* GoogLeNetPlaces.mlmodel */; };
		B7E99D0E226B7DEF00D783E0 /* MobileNet.mlmodel in Sources */ = {isa = PBXBuildFile; fileRef = B7E99D0B226B7DEE00D783E0 /* MobileNet.mlmodel */; };
		B7E99D0F226B7DEF00D783E0 /* SqueezeNet.mlmodel in Sources */ = {isa = PBXBuildFile; fileRef = B7E99D0C226B7DEF00D783E0 /* SqueezeNet.mlmodel */; };
/* End PBXBuildFile section */

/* Begin PBXFileReference section */
		B7E99CF5226B7DD400D783E0 /* ObjectRecognitionPlus.app */ = {isa = PBXFileReference; explicitFileType = wrapper.application; includeInIndex = 0; path = ObjectRecognitionPlus.app; sourceTree = BUILT_PRODUCTS_DIR; };
		B7E99CF8226B7DD400D783E0 /* AppDelegate.swift */ = {isa = PBXFileReference; lastKnownFileType = sourcecode.swift; path = AppDelegate.swift; sourceTree = "<group>"; };
		B7E99CFA226B7DD400D783E0 /* ViewController.swift */ = {isa = PBXFileReference; lastKnownFileType = sourcecode.swift; path = ViewController.swift; sourceTree = "<group>"; };
		B7E99CFD226B7DD400D783E0 /* Base */ = {isa = PBXFileReference; lastKnownFileType = file.storyboard; name = Base; path = Base.lproj/Main.storyboard; sourceTree = "<group>"; };
		B7E99CFF226B7DD500D783E0 /* Assets.xcassets */ = {isa = PBXFileReference; lastKnownFileType = folder.assetcatalog; path = Assets.xcassets; sourceTree = "<group>"; };
		B7E99D02226B7DD500D783E0 /* Base */ = {isa = PBXFileReference; lastKnownFileType = file.storyboard; name = Base; path = Base.lproj/LaunchScreen.storyboard; sourceTree = "<group>"; };
		B7E99D04226B7DD500D783E0 /* Info.plist */ = {isa = PBXFileReference; lastKnownFileType = text.plist.xml; path = Info.plist; sourceTree = "<group>"; };
		B7E99D0A226B7DEC00D783E0 /* GoogLeNetPlaces.mlmodel */ = {isa = PBXFileReference; lastKnownFileType = file.mlmodel; path = GoogLeNetPlaces.mlmodel; sourceTree = "<group>"; };
		B7E99D0B226B7DEE00D783E0 /* MobileNet.mlmodel */ = {isa = PBXFileReference; lastKnownFileType = file.mlmodel; path = MobileNet.mlmodel; sourceTree = "<group>"; };
		B7E99D0C226B7DEF00D783E0 /* SqueezeNet.mlmodel */ = {isa = PBXFileReference; lastKnownFileType = file.mlmodel; path = SqueezeNet.mlmodel; sourceTree = "<group>"; };
/* End PBXFileReference section */

/* Begin PBXFrameworksBuildPhase section */
		B7E99CF2226B7DD400D783E0 /* Frameworks */ = {
			isa = PBXFrameworksBuildPhase;
			buildActionMask = 2147483647;
			files = (
			);
			runOnlyForDeploymentPostprocessing = 0;
		};
/* End PBXFrameworksBuildPhase section */

/* Begin PBXGroup section */
		B7E99CEC226B7DD400D783E0 = {
			isa = PBXGroup;
			children = (
				B7E99CF7226B7DD400D783E0 /* ObjectRecognitionPlus */,
				B7E99CF6226B7DD400D783E0 /* Products */,
			);
			sourceTree = "<group>";
		};
		B7E99CF6226B7DD400D783E0 /* Products */ = {
			isa = PBXGroup;
			children = (
				B7E99CF5226B7DD400D783E0 /* ObjectRecognitionPlus.app */,
			);
			name = Products;
			sourceTree = "<group>";
		};
		B7E99CF7226B7DD400D783E0 /* ObjectRecognitionPlus */ = {
			isa = PBXGroup;
			children = (
				B7E99D0A226B7DEC00D783E0 /* GoogLeNetPlaces.mlmodel */,
				B7E99D0B226B7DEE00D783E0 /* MobileNet.mlmodel */,
				B7E99D0C226B7DEF00D783E0 /* SqueezeNet.mlmodel */,
				B7E99CF8226B7DD400D783E0 /* AppDelegate.swift */,
				B7E99CFA226B7DD400D783E0 /* ViewController.swift */,
				B7E99CFC226B7DD400D783E0 /* Main.storyboard */,
				B7E99CFF226B7DD500D783E0 /* Assets.xcassets */,
				B7E99D01226B7DD500D783E0 /* LaunchScreen.storyboard */,
				B7E99D04226B7DD500D783E0 /* Info.plist */,
			);
			path = ObjectRecognitionPlus;
			sourceTree = "<group>";
		};
/* End PBXGroup section */

/* Begin PBXNativeTarget section */
		B7E99CF4226B7DD400D783E0 /* ObjectRecognitionPlus */ = {
			isa = PBXNativeTarget;
			buildConfigurationList = B7E99D07226B7DD500D783E0 /* Build configuration list for PBXNativeTarget "ObjectRecognitionPlus" */;
			buildPhases = (
				B7E99CF1226B7DD400D783E0 /* Sources */,
				B7E99CF2226B7DD400D783E0 /* Frameworks */,
				B7E99CF3226B7DD400D783E0 /* Resources */,
			);
			buildRules = (
			);
			dependencies = (
			);
			name = ObjectRecognitionPlus;
			productName = ObjectRecognitionPlus;
			productReference = B7E99CF5226B7DD400D783E0 /* ObjectRecognitionPlus.app */;
			productType = "com.apple.product-type.application";
		};
/* End PBXNativeTarget section */

/* Begin PBXProject section */
		B7E99CED226B7DD400D783E0 /* Project object */ = {
			isa = PBXProject;
			attributes = {
				LastSwiftUpdateCheck = 1010;
				LastUpgradeCheck = 1010;
				ORGANIZATIONNAME = kyosukenakashima;
				TargetAttributes = {
					B7E99CF4226B7DD400D783E0 = {
						CreatedOnToolsVersion = 10.1;
					};
				};
			};
			buildConfigurationList = B7E99CF0226B7DD400D783E0 /* Build configuration list for PBXProject "ObjectRecognitionPlus" */;
			compatibilityVersion = "Xcode 9.3";
			developmentRegion = en;
			hasScannedForEncodings = 0;
			knownRegions = (
				en,
				Base,
			);
			mainGroup = B7E99CEC226B7DD400D783E0;
			productRefGroup = B7E99CF6226B7DD400D783E0 /* Products */;
			projectDirPath = "";
			projectRoot = "";
			targets = (
				B7E99CF4226B7DD400D783E0 /* ObjectRecognitionPlus */,
			);
		};
/* End PBXProject section */

/* Begin PBXResourcesBuildPhase section */
		B7E99CF3226B7DD400D783E0 /* Resources */ = {
			isa = PBXResourcesBuildPhase;
			buildActionMask = 2147483647;
			files = (
				B7E99D03226B7DD500D783E0 /* LaunchScreen.storyboard in Resources */,
				B7E99D00226B7DD500D783E0 /* Assets.xcassets in Resources */,
				B7E99CFE226B7DD400D783E0 /* Main.storyboard in Resources */,
			);
			runOnlyForDeploymentPostprocessing = 0;
		};
/* End PBXResourcesBuildPhase section */

/* Begin PBXSourcesBuildPhase section */
		B7E99CF1226B7DD400D783E0 /* Sources */ = {
			isa = PBXSourcesBuildPhase;
			buildActionMask = 2147483647;
			files = (
				B7E99D0E226B7DEF00D783E0 /* MobileNet.mlmodel in Sources */,
				B7E99CFB226B7DD400D783E0 /* ViewController.swift in Sources */,
				B7E99D0F226B7DEF00D783E0 /* SqueezeNet.mlmodel in Sources */,
				B7E99CF9226B7DD400D783E0 /* AppDelegate.swift in Sources */,
				B7E99D0D226B7DEF00D783E0 /* GoogLeNetPlaces.mlmodel in Sources */,
			);
			runOnlyForDeploymentPostprocessing = 0;
		};
/* End PBXSourcesBuildPhase section */

/* Begin PBXVariantGroup section */
		B7E99CFC226B7DD400D783E0 /* Main.storyboard */ = {
			isa = PBXVariantGroup;
			children = (
				B7E99CFD226B7DD400D783E0 /* Base */,
			);
			name = Main.storyboard;
			sourceTree = "<group>";
		};
		B7E99D01226B7DD500D783E0 /* LaunchScreen.storyboard */ = {
			isa = PBXVariantGroup;
			children = (
				B7E99D02226B7DD500D783E0 /* Base */,
			);
			name = LaunchScreen.storyboard;
			sourceTree = "<group>";
		};
/* End PBXVariantGroup section */

/* Begin XCBuildConfiguration section */
		B7E99D05226B7DD500D783E0 /* Debug */ = {
			isa = XCBuildConfiguration;
			buildSettings = {
				ALWAYS_SEARCH_USER_PATHS = NO;
				CLANG_ANALYZER_NONNULL = YES;
				CLANG_ANALYZER_NUMBER_OBJECT_CONVERSION = YES_AGGRESSIVE;
				CLANG_CXX_LANGUAGE_STANDARD = "gnu++14";
				CLANG_CXX_LIBRARY = "libc++";
				CLANG_ENABLE_MODULES = YES;
				CLANG_ENABLE_OBJC_ARC = YES;
				CLANG_ENABLE_OBJC_WEAK = YES;
				CLANG_WARN_BLOCK_CAPTURE_AUTORELEASING = YES;
				CLANG_WARN_BOOL_CONVERSION = YES;
				CLANG_WARN_COMMA = YES;
				CLANG_WARN_CONSTANT_CONVERSION = YES;
				CLANG_WARN_DEPRECATED_OBJC_IMPLEMENTATIONS = YES;
				CLANG_WARN_DIRECT_OBJC_ISA_USAGE = YES_ERROR;
				CLANG_WARN_DOCUMENTATION_COMMENTS = YES;
				CLANG_WARN_EMPTY_BODY = YES;
				CLANG_WARN_ENUM_CONVERSION = YES;
				CLANG_WARN_INFINITE_RECURSION = YES;
				CLANG_WARN_INT_CONVERSION = YES;
				CLANG_WARN_NON_LITERAL_NULL_CONVERSION = YES;
				CLANG_WARN_OBJC_IMPLICIT_RETAIN_SELF = YES;
				CLANG_WARN_OBJC_LITERAL_CONVERSION = YES;
				CLANG_WARN_OBJC_ROOT_CLASS = YES_ERROR;
				CLANG_WARN_RANGE_LOOP_ANALYSIS = YES;
				CLANG_WARN_STRICT_PROTOTYPES = YES;
				CLANG_WARN_SUSPICIOUS_MOVE = YES;
				CLANG_WARN_UNGUARDED_AVAILABILITY = YES_AGGRESSIVE;
				CLANG_WARN_UNREACHABLE_CODE = YES;
				CLANG_WARN__DUPLICATE_METHOD_MATCH = YES;
				CODE_SIGN_IDENTITY = "iPhone Developer";
				COPY_PHASE_STRIP = NO;
				DEBUG_INFORMATION_FORMAT = dwarf;
				ENABLE_STRICT_OBJC_MSGSEND = YES;
				ENABLE_TESTABILITY = YES;
				GCC_C_LANGUAGE_STANDARD = gnu11;
				GCC_DYNAMIC_NO_PIC = NO;
				GCC_NO_COMMON_BLOCKS = YES;
				GCC_OPTIMIZATION_LEVEL = 0;
				GCC_PREPROCESSOR_DEFINITIONS = (
					"DEBUG=1",
					"$(inherited)",
				);
				GCC_WARN_64_TO_32_BIT_CONVERSION = YES;
				GCC_WARN_ABOUT_RETURN_TYPE = YES_ERROR;
				GCC_WARN_UNDECLARED_SELECTOR = YES;
				GCC_WARN_UNINITIALIZED_AUTOS = YES_AGGRESSIVE;
				GCC_WARN_UNUSED_FUNCTION = YES;
				GCC_WARN_UNUSED_VARIABLE = YES;
				IPHONEOS_DEPLOYMENT_TARGET = 12.1;
				MTL_ENABLE_DEBUG_INFO = INCLUDE_SOURCE;
				MTL_FAST_MATH = YES;
				ONLY_ACTIVE_ARCH = YES;
				SDKROOT = iphoneos;
				SWIFT_ACTIVE_COMPILATION_CONDITIONS = DEBUG;
				SWIFT_OPTIMIZATION_LEVEL = "-Onone";
			};
			name = Debug;
		};
		B7E99D06226B7DD500D783E0 /* Release */ = {
			isa = XCBuildConfiguration;
			buildSettings = {
				ALWAYS_SEARCH_USER_PATHS = NO;
				CLANG_ANALYZER_NONNULL = YES;
				CLANG_ANALYZER_NUMBER_OBJECT_CONVERSION = YES_AGGRESSIVE;
				CLANG_CXX_LANGUAGE_STANDARD = "gnu++14";
				CLANG_CXX_LIBRARY = "libc++";
				CLANG_ENABLE_MODULES = YES;
				CLANG_ENABLE_OBJC_ARC = YES;
				CLANG_ENABLE_OBJC_WEAK = YES;
				CLANG_WARN_BLOCK_CAPTURE_AUTORELEASING = YES;
				CLANG_WARN_BOOL_CONVERSION = YES;
				CLANG_WARN_COMMA = YES;
				CLANG_WARN_CONSTANT_CONVERSION = YES;
				CLANG_WARN_DEPRECATED_OBJC_IMPLEMENTATIONS = YES;
				CLANG_WARN_DIRECT_OBJC_ISA_USAGE = YES_ERROR;
				CLANG_WARN_DOCUMENTATION_COMMENTS = YES;
				CLANG_WARN_EMPTY_BODY = YES;
				CLANG_WARN_ENUM_CONVERSION = YES;
				CLANG_WARN_INFINITE_RECURSION = YES;
				CLANG_WARN_INT_CONVERSION = YES;
				CLANG_WARN_NON_LITERAL_NULL_CONVERSION = YES;
				CLANG_WARN_OBJC_IMPLICIT_RETAIN_SELF = YES;
				CLANG_WARN_OBJC_LITERAL_CONVERSION = YES;
				CLANG_WARN_OBJC_ROOT_CLASS = YES_ERROR;
				CLANG_WARN_RANGE_LOOP_ANALYSIS = YES;
				CLANG_WARN_STRICT_PROTOTYPES = YES;
				CLANG_WARN_SUSPICIOUS_MOVE = YES;
				CLANG_WARN_UNGUARDED_AVAILABILITY = YES_AGGRESSIVE;
				CLANG_WARN_UNREACHABLE_CODE = YES;
				CLANG_WARN__DUPLICATE_METHOD_MATCH = YES;
				CODE_SIGN_IDENTITY = "iPhone Developer";
				COPY_PHASE_STRIP = NO;
				DEBUG_INFORMATION_FORMAT = "dwarf-with-dsym";
				ENABLE_NS_ASSERTIONS = NO;
				ENABLE_STRICT_OBJC_MSGSEND = YES;
				GCC_C_LANGUAGE_STANDARD = gnu11;
				GCC_NO_COMMON_BLOCKS = YES;
				GCC_WARN_64_TO_32_BIT_CONVERSION = YES;
				GCC_WARN_ABOUT_RETURN_TYPE = YES_ERROR;
				GCC_WARN_UNDECLARED_SELECTOR = YES;
				GCC_WARN_UNINITIALIZED_AUTOS = YES_AGGRESSIVE;
				GCC_WARN_UNUSED_FUNCTION = YES;
				GCC_WARN_UNUSED_VARIABLE = YES;
				IPHONEOS_DEPLOYMENT_TARGET = 12.1;
				MTL_ENABLE_DEBUG_INFO = NO;
				MTL_FAST_MATH = YES;
				SDKROOT = iphoneos;
				SWIFT_COMPILATION_MODE = wholemodule;
				SWIFT_OPTIMIZATION_LEVEL = "-O";
				VALIDATE_PRODUCT = YES;
			};
			name = Release;
		};
		B7E99D08226B7DD500D783E0 /* Debug */ = {
			isa = XCBuildConfiguration;
			buildSettings = {
				ASSETCATALOG_COMPILER_APPICON_NAME = AppIcon;
				CODE_SIGN_STYLE = Automatic;
				DEVELOPMENT_TEAM = 9ZRNG7HBLQ;
				INFOPLIST_FILE = ObjectRecognitionPlus/Info.plist;
				LD_RUNPATH_SEARCH_PATHS = (
					"$(inherited)",
					"@executable_path/Frameworks",
				);
				PRODUCT_BUNDLE_IDENTIFIER = kyosukenakashima.ObjectRecognitionPlus;
				PRODUCT_NAME = "$(TARGET_NAME)";
				SWIFT_VERSION = 4.2;
				TARGETED_DEVICE_FAMILY = "1,2";
			};
			name = Debug;
		};
		B7E99D09226B7DD500D783E0 /* Release */ = {
			isa = XCBuildConfiguration;
			buildSettings = {
				ASSETCATALOG_COMPILER_APPICON_NAME = AppIcon;
				CODE_SIGN_STYLE = Automatic;
				DEVELOPMENT_TEAM = 9ZRNG7HBLQ;
				INFOPLIST_FILE = ObjectRecognitionPlus/Info.plist;
				LD_RUNPATH_SEARCH_PATHS = (
					"$(inherited)",
					"@executable_path/Frameworks",
				);
				PRODUCT_BUNDLE_IDENTIFIER = kyosukenakashima.ObjectRecognitionPlus;
				PRODUCT_NAME = "$(TARGET_NAME)";
				SWIFT_VERSION = 4.2;
				TARGETED_DEVICE_FAMILY = "1,2";
			};
			name = Release;
		};
/* End XCBuildConfiguration section */

/* Begin XCConfigurationList section */
		B7E99CF0226B7DD400D783E0 /* Build configuration list for PBXProject "ObjectRecognitionPlus" */ = {
			isa = XCConfigurationList;
			buildConfigurations = (
				B7E99D05226B7DD500D783E0 /* Debug */,
				B7E99D06226B7DD500D783E0 /* Release */,
			);
			defaultConfigurationIsVisible = 0;
			defaultConfigurationName = Release;
		};
		B7E99D07226B7DD500D783E0 /* Build configuration list for PBXNativeTarget "ObjectRecognitionPlus" */ = {
			isa = XCConfigurationList;
			buildConfigurations = (
				B7E99D08226B7DD500D783E0 /* Debug */,
				B7E99D09226B7DD500D783E0 /* Release */,
			);
			defaultConfigurationIsVisible = 0;
			defaultConfigurationName = Release;
		};
/* End XCConfigurationList section */
	};
	rootObject = B7E99CED226B7DD400D783E0 /* Project object */;
}
