// !$*UTF8*$!
{
	archiveVersion = 1;
	classes = {
	};
	objectVersion = 50;
	objects = {

/* Begin PBXBuildFile section */
		B7094107225B4AE700A86CFF /* AppDelegate.swift in Sources */ = {isa = PBXBuildFile; fileRef = B7094106225B4AE700A86CFF /* AppDelegate.swift */; };
		B7094109225B4AE700A86CFF /* ViewController.swift in Sources */ = {isa = PBXBuildFile; fileRef = B7094108225B4AE700A86CFF /* ViewController.swift */; };
		B709410C225B4AE700A86CFF /* Main.storyboard in Resources */ = {isa = PBXBuildFile; fileRef = B709410A225B4AE700A86CFF /* Main.storyboard */; };
		B709410E225B4AEA00A86CFF /* Assets.xcassets in Resources */ = {isa = PBXBuildFile; fileRef = B709410D225B4AEA00A86CFF /* Assets.xcassets */; };
		B7094111225B4AEA00A86CFF /* LaunchScreen.storyboard in Resources */ = {isa = PBXBuildFile; fileRef = B709410F225B4AEA00A86CFF /* LaunchScreen.storyboard */; };
		B7094119225B4E2400A86CFF /* QuizViewController.swift in Sources */ = {isa = PBXBuildFile; fileRef = B7094118225B4E2400A86CFF /* QuizViewController.swift */; };
		B709411B225B54B800A86CFF /* ResultViewController.swift in Sources */ = {isa = PBXBuildFile; fileRef = B709411A225B54B800A86CFF /* ResultViewController.swift */; };
/* End PBXBuildFile section */

/* Begin PBXFileReference section */
		B7094103225B4AE700A86CFF /* MathTraining-new.app */ = {isa = PBXFileReference; explicitFileType = wrapper.application; includeInIndex = 0; path = "MathTraining-new.app"; sourceTree = BUILT_PRODUCTS_DIR; };
		B7094106225B4AE700A86CFF /* AppDelegate.swift */ = {isa = PBXFileReference; lastKnownFileType = sourcecode.swift; path = AppDelegate.swift; sourceTree = "<group>"; };
		B7094108225B4AE700A86CFF /* ViewController.swift */ = {isa = PBXFileReference; lastKnownFileType = sourcecode.swift; path = ViewController.swift; sourceTree = "<group>"; };
		B709410B225B4AE700A86CFF /* Base */ = {isa = PBXFileReference; lastKnownFileType = file.storyboard; name = Base; path = Base.lproj/Main.storyboard; sourceTree = "<group>"; };
		B709410D225B4AEA00A86CFF /* Assets.xcassets */ = {isa = PBXFileReference; lastKnownFileType = folder.assetcatalog; path = Assets.xcassets; sourceTree = "<group>"; };
		B7094110225B4AEA00A86CFF /* Base */ = {isa = PBXFileReference; lastKnownFileType = file.storyboard; name = Base; path = Base.lproj/LaunchScreen.storyboard; sourceTree = "<group>"; };
		B7094112225B4AEA00A86CFF /* Info.plist */ = {isa = PBXFileReference; lastKnownFileType = text.plist.xml; path = Info.plist; sourceTree = "<group>"; };
		B7094118225B4E2400A86CFF /* QuizViewController.swift */ = {isa = PBXFileReference; lastKnownFileType = sourcecode.swift; path = QuizViewController.swift; sourceTree = "<group>"; };
		B709411A225B54B800A86CFF /* ResultViewController.swift */ = {isa = PBXFileReference; lastKnownFileType = sourcecode.swift; path = ResultViewController.swift; sourceTree = "<group>"; };
/* End PBXFileReference section */

/* Begin PBXFrameworksBuildPhase section */
		B7094100225B4AE700A86CFF /* Frameworks */ = {
			isa = PBXFrameworksBuildPhase;
			buildActionMask = 2147483647;
			files = (
			);
			runOnlyForDeploymentPostprocessing = 0;
		};
/* End PBXFrameworksBuildPhase section */

/* Begin PBXGroup section */
		B70940FA225B4AE700A86CFF = {
			isa = PBXGroup;
			children = (
				B7094105225B4AE700A86CFF /* MathTraining-new */,
				B7094104225B4AE700A86CFF /* Products */,
			);
			sourceTree = "<group>";
		};
		B7094104225B4AE700A86CFF /* Products */ = {
			isa = PBXGroup;
			children = (
				B7094103225B4AE700A86CFF /* MathTraining-new.app */,
			);
			name = Products;
			sourceTree = "<group>";
		};
		B7094105225B4AE700A86CFF /* MathTraining-new */ = {
			isa = PBXGroup;
			children = (
				B7094106225B4AE700A86CFF /* AppDelegate.swift */,
				B7094108225B4AE700A86CFF /* ViewController.swift */,
				B7094118225B4E2400A86CFF /* QuizViewController.swift */,
				B709410A225B4AE700A86CFF /* Main.storyboard */,
				B709411A225B54B800A86CFF /* ResultViewController.swift */,
				B709410D225B4AEA00A86CFF /* Assets.xcassets */,
				B709410F225B4AEA00A86CFF /* LaunchScreen.storyboard */,
				B7094112225B4AEA00A86CFF /* Info.plist */,
			);
			path = "MathTraining-new";
			sourceTree = "<group>";
		};
/* End PBXGroup section */

/* Begin PBXNativeTarget section */
		B7094102225B4AE700A86CFF /* MathTraining-new */ = {
			isa = PBXNativeTarget;
			buildConfigurationList = B7094115225B4AEA00A86CFF /* Build configuration list for PBXNativeTarget "MathTraining-new" */;
			buildPhases = (
				B70940FF225B4AE700A86CFF /* Sources */,
				B7094100225B4AE700A86CFF /* Frameworks */,
				B7094101225B4AE700A86CFF /* Resources */,
			);
			buildRules = (
			);
			dependencies = (
			);
			name = "MathTraining-new";
			productName = "MathTraining-new";
			productReference = B7094103225B4AE700A86CFF /* MathTraining-new.app */;
			productType = "com.apple.product-type.application";
		};
/* End PBXNativeTarget section */

/* Begin PBXProject section */
		B70940FB225B4AE700A86CFF /* Project object */ = {
			isa = PBXProject;
			attributes = {
				LastSwiftUpdateCheck = 1010;
				LastUpgradeCheck = 1010;
				ORGANIZATIONNAME = kyosukenakashima;
				TargetAttributes = {
					B7094102225B4AE700A86CFF = {
						CreatedOnToolsVersion = 10.1;
					};
				};
			};
			buildConfigurationList = B70940FE225B4AE700A86CFF /* Build configuration list for PBXProject "MathTraining-new" */;
			compatibilityVersion = "Xcode 9.3";
			developmentRegion = en;
			hasScannedForEncodings = 0;
			knownRegions = (
				en,
				Base,
			);
			mainGroup = B70940FA225B4AE700A86CFF;
			productRefGroup = B7094104225B4AE700A86CFF /* Products */;
			projectDirPath = "";
			projectRoot = "";
			targets = (
				B7094102225B4AE700A86CFF /* MathTraining-new */,
			);
		};
/* End PBXProject section */

/* Begin PBXResourcesBuildPhase section */
		B7094101225B4AE700A86CFF /* Resources */ = {
			isa = PBXResourcesBuildPhase;
			buildActionMask = 2147483647;
			files = (
				B7094111225B4AEA00A86CFF /* LaunchScreen.storyboard in Resources */,
				B709410E225B4AEA00A86CFF /* Assets.xcassets in Resources */,
				B709410C225B4AE700A86CFF /* Main.storyboard in Resources */,
			);
			runOnlyForDeploymentPostprocessing = 0;
		};
/* End PBXResourcesBuildPhase section */

/* Begin PBXSourcesBuildPhase section */
		B70940FF225B4AE700A86CFF /* Sources */ = {
			isa = PBXSourcesBuildPhase;
			buildActionMask = 2147483647;
			files = (
				B7094119225B4E2400A86CFF /* QuizViewController.swift in Sources */,
				B7094109225B4AE700A86CFF /* ViewController.swift in Sources */,
				B7094107225B4AE700A86CFF /* AppDelegate.swift in Sources */,
				B709411B225B54B800A86CFF /* ResultViewController.swift in Sources */,
			);
			runOnlyForDeploymentPostprocessing = 0;
		};
/* End PBXSourcesBuildPhase section */

/* Begin PBXVariantGroup section */
		B709410A225B4AE700A86CFF /* Main.storyboard */ = {
			isa = PBXVariantGroup;
			children = (
				B709410B225B4AE700A86CFF /* Base */,
			);
			name = Main.storyboard;
			sourceTree = "<group>";
		};
		B709410F225B4AEA00A86CFF /* LaunchScreen.storyboard */ = {
			isa = PBXVariantGroup;
			children = (
				B7094110225B4AEA00A86CFF /* Base */,
			);
			name = LaunchScreen.storyboard;
			sourceTree = "<group>";
		};
/* End PBXVariantGroup section */

/* Begin XCBuildConfiguration section */
		B7094113225B4AEA00A86CFF /* Debug */ = {
			isa = XCBuildConfiguration;
			buildSettings = {
				ALWAYS_SEARCH_USER_PATHS = NO;
				CLANG_ANALYZER_NONNULL = YES;
				CLANG_ANALYZER_NUMBER_OBJECT_CONVERSION = YES_AGGRESSIVE;
				CLANG_CXX_LANGUAGE_STANDARD = "gnu++14";
				CLANG_CXX_LIBRARY = "libc++";
				CLANG_ENABLE_MODULES = YES;
				CLANG_ENABLE_OBJC_ARC = YES;
				CLANG_ENABLE_OBJC_WEAK = YES;
				CLANG_WARN_BLOCK_CAPTURE_AUTORELEASING = YES;
				CLANG_WARN_BOOL_CONVERSION = YES;
				CLANG_WARN_COMMA = YES;
				CLANG_WARN_CONSTANT_CONVERSION = YES;
				CLANG_WARN_DEPRECATED_OBJC_IMPLEMENTATIONS = YES;
				CLANG_WARN_DIRECT_OBJC_ISA_USAGE = YES_ERROR;
				CLANG_WARN_DOCUMENTATION_COMMENTS = YES;
				CLANG_WARN_EMPTY_BODY = YES;
				CLANG_WARN_ENUM_CONVERSION = YES;
				CLANG_WARN_INFINITE_RECURSION = YES;
				CLANG_WARN_INT_CONVERSION = YES;
				CLANG_WARN_NON_LITERAL_NULL_CONVERSION = YES;
				CLANG_WARN_OBJC_IMPLICIT_RETAIN_SELF = YES;
				CLANG_WARN_OBJC_LITERAL_CONVERSION = YES;
				CLANG_WARN_OBJC_ROOT_CLASS = YES_ERROR;
				CLANG_WARN_RANGE_LOOP_ANALYSIS = YES;
				CLANG_WARN_STRICT_PROTOTYPES = YES;
				CLANG_WARN_SUSPICIOUS_MOVE = YES;
				CLANG_WARN_UNGUARDED_AVAILABILITY = YES_AGGRESSIVE;
				CLANG_WARN_UNREACHABLE_CODE = YES;
				CLANG_WARN__DUPLICATE_METHOD_MATCH = YES;
				CODE_SIGN_IDENTITY = "iPhone Developer";
				COPY_PHASE_STRIP = NO;
				DEBUG_INFORMATION_FORMAT = dwarf;
				ENABLE_STRICT_OBJC_MSGSEND = YES;
				ENABLE_TESTABILITY = YES;
				GCC_C_LANGUAGE_STANDARD = gnu11;
				GCC_DYNAMIC_NO_PIC = NO;
				GCC_NO_COMMON_BLOCKS = YES;
				GCC_OPTIMIZATION_LEVEL = 0;
				GCC_PREPROCESSOR_DEFINITIONS = (
					"DEBUG=1",
					"$(inherited)",
				);
				GCC_WARN_64_TO_32_BIT_CONVERSION = YES;
				GCC_WARN_ABOUT_RETURN_TYPE = YES_ERROR;
				GCC_WARN_UNDECLARED_SELECTOR = YES;
				GCC_WARN_UNINITIALIZED_AUTOS = YES_AGGRESSIVE;
				GCC_WARN_UNUSED_FUNCTION = YES;
				GCC_WARN_UNUSED_VARIABLE = YES;
				IPHONEOS_DEPLOYMENT_TARGET = 12.1;
				MTL_ENABLE_DEBUG_INFO = INCLUDE_SOURCE;
				MTL_FAST_MATH = YES;
				ONLY_ACTIVE_ARCH = YES;
				SDKROOT = iphoneos;
				SWIFT_ACTIVE_COMPILATION_CONDITIONS = DEBUG;
				SWIFT_OPTIMIZATION_LEVEL = "-Onone";
			};
			name = Debug;
		};
		B7094114225B4AEA00A86CFF /* Release */ = {
			isa = XCBuildConfiguration;
			buildSettings = {
				ALWAYS_SEARCH_USER_PATHS = NO;
				CLANG_ANALYZER_NONNULL = YES;
				CLANG_ANALYZER_NUMBER_OBJECT_CONVERSION = YES_AGGRESSIVE;
				CLANG_CXX_LANGUAGE_STANDARD = "gnu++14";
				CLANG_CXX_LIBRARY = "libc++";
				CLANG_ENABLE_MODULES = YES;
				CLANG_ENABLE_OBJC_ARC = YES;
				CLANG_ENABLE_OBJC_WEAK = YES;
				CLANG_WARN_BLOCK_CAPTURE_AUTORELEASING = YES;
				CLANG_WARN_BOOL_CONVERSION = YES;
				CLANG_WARN_COMMA = YES;
				CLANG_WARN_CONSTANT_CONVERSION = YES;
				CLANG_WARN_DEPRECATED_OBJC_IMPLEMENTATIONS = YES;
				CLANG_WARN_DIRECT_OBJC_ISA_USAGE = YES_ERROR;
				CLANG_WARN_DOCUMENTATION_COMMENTS = YES;
				CLANG_WARN_EMPTY_BODY = YES;
				CLANG_WARN_ENUM_CONVERSION = YES;
				CLANG_WARN_INFINITE_RECURSION = YES;
				CLANG_WARN_INT_CONVERSION = YES;
				CLANG_WARN_NON_LITERAL_NULL_CONVERSION = YES;
				CLANG_WARN_OBJC_IMPLICIT_RETAIN_SELF = YES;
				CLANG_WARN_OBJC_LITERAL_CONVERSION = YES;
				CLANG_WARN_OBJC_ROOT_CLASS = YES_ERROR;
				CLANG_WARN_RANGE_LOOP_ANALYSIS = YES;
				CLANG_WARN_STRICT_PROTOTYPES = YES;
				CLANG_WARN_SUSPICIOUS_MOVE = YES;
				CLANG_WARN_UNGUARDED_AVAILABILITY = YES_AGGRESSIVE;
				CLANG_WARN_UNREACHABLE_CODE = YES;
				CLANG_WARN__DUPLICATE_METHOD_MATCH = YES;
				CODE_SIGN_IDENTITY = "iPhone Developer";
				COPY_PHASE_STRIP = NO;
				DEBUG_INFORMATION_FORMAT = "dwarf-with-dsym";
				ENABLE_NS_ASSERTIONS = NO;
				ENABLE_STRICT_OBJC_MSGSEND = YES;
				GCC_C_LANGUAGE_STANDARD = gnu11;
				GCC_NO_COMMON_BLOCKS = YES;
				GCC_WARN_64_TO_32_BIT_CONVERSION = YES;
				GCC_WARN_ABOUT_RETURN_TYPE = YES_ERROR;
				GCC_WARN_UNDECLARED_SELECTOR = YES;
				GCC_WARN_UNINITIALIZED_AUTOS = YES_AGGRESSIVE;
				GCC_WARN_UNUSED_FUNCTION = YES;
				GCC_WARN_UNUSED_VARIABLE = YES;
				IPHONEOS_DEPLOYMENT_TARGET = 12.1;
				MTL_ENABLE_DEBUG_INFO = NO;
				MTL_FAST_MATH = YES;
				SDKROOT = iphoneos;
				SWIFT_COMPILATION_MODE = wholemodule;
				SWIFT_OPTIMIZATION_LEVEL = "-O";
				VALIDATE_PRODUCT = YES;
			};
			name = Release;
		};
		B7094116225B4AEA00A86CFF /* Debug */ = {
			isa = XCBuildConfiguration;
			buildSettings = {
				ASSETCATALOG_COMPILER_APPICON_NAME = AppIcon;
				CODE_SIGN_STYLE = Automatic;
				INFOPLIST_FILE = "MathTraining-new/Info.plist";
				LD_RUNPATH_SEARCH_PATHS = (
					"$(inherited)",
					"@executable_path/Frameworks",
				);
				PRODUCT_BUNDLE_IDENTIFIER = "kyosukenakashima.MathTraining-new";
				PRODUCT_NAME = "$(TARGET_NAME)";
				SWIFT_VERSION = 4.2;
				TARGETED_DEVICE_FAMILY = "1,2";
			};
			name = Debug;
		};
		B7094117225B4AEA00A86CFF /* Release */ = {
			isa = XCBuildConfiguration;
			buildSettings = {
				ASSETCATALOG_COMPILER_APPICON_NAME = AppIcon;
				CODE_SIGN_STYLE = Automatic;
				INFOPLIST_FILE = "MathTraining-new/Info.plist";
				LD_RUNPATH_SEARCH_PATHS = (
					"$(inherited)",
					"@executable_path/Frameworks",
				);
				PRODUCT_BUNDLE_IDENTIFIER = "kyosukenakashima.MathTraining-new";
				PRODUCT_NAME = "$(TARGET_NAME)";
				SWIFT_VERSION = 4.2;
				TARGETED_DEVICE_FAMILY = "1,2";
			};
			name = Release;
		};
/* End XCBuildConfiguration section */

/* Begin XCConfigurationList section */
		B70940FE225B4AE700A86CFF /* Build configuration list for PBXProject "MathTraining-new" */ = {
			isa = XCConfigurationList;
			buildConfigurations = (
				B7094113225B4AEA00A86CFF /* Debug */,
				B7094114225B4AEA00A86CFF /* Release */,
			);
			defaultConfigurationIsVisible = 0;
			defaultConfigurationName = Release;
		};
		B7094115225B4AEA00A86CFF /* Build configuration list for PBXNativeTarget "MathTraining-new" */ = {
			isa = XCConfigurationList;
			buildConfigurations = (
				B7094116225B4AEA00A86CFF /* Debug */,
				B7094117225B4AEA00A86CFF /* Release */,
			);
			defaultConfigurationIsVisible = 0;
			defaultConfigurationName = Release;
		};
/* End XCConfigurationList section */
	};
	rootObject = B70940FB225B4AE700A86CFF /* Project object */;
}
