// !$*UTF8*$!
{
	archiveVersion = 1;
	classes = {
	};
	objectVersion = 50;
	objects = {

/* Begin PBXBuildFile section */
		B7E99BF72264E18500D783E0 /* AppDelegate.swift in Sources */ = {isa = PBXBuildFile; fileRef = B7E99BF62264E18500D783E0 /* AppDelegate.swift */; };
		B7E99BF92264E18500D783E0 /* ViewController.swift in Sources */ = {isa = PBXBuildFile; fileRef = B7E99BF82264E18500D783E0 /* ViewController.swift */; };
		B7E99BFC2264E18500D783E0 /* Main.storyboard in Resources */ = {isa = PBXBuildFile; fileRef = B7E99BFA2264E18500D783E0 /* Main.storyboard */; };
		B7E99BFE2264E18700D783E0 /* Assets.xcassets in Resources */ = {isa = PBXBuildFile; fileRef = B7E99BFD2264E18700D783E0 /* Assets.xcassets */; };
		B7E99C012264E18700D783E0 /* LaunchScreen.storyboard in Resources */ = {isa = PBXBuildFile; fileRef = B7E99BFF2264E18700D783E0 /* LaunchScreen.storyboard */; };
		B7E99C0E2264E1A200D783E0 /* fish1.png in Resources */ = {isa = PBXBuildFile; fileRef = B7E99C092264E1A200D783E0 /* fish1.png */; };
		B7E99C0F2264E1A200D783E0 /* fish2.png in Resources */ = {isa = PBXBuildFile; fileRef = B7E99C0A2264E1A200D783E0 /* fish2.png */; };
		B7E99C102264E1A200D783E0 /* enemy1.png in Resources */ = {isa = PBXBuildFile; fileRef = B7E99C0B2264E1A200D783E0 /* enemy1.png */; };
		B7E99C112264E1A200D783E0 /* enemy3.png in Resources */ = {isa = PBXBuildFile; fileRef = B7E99C0C2264E1A200D783E0 /* enemy3.png */; };
		B7E99C122264E1A200D783E0 /* enemy2.png in Resources */ = {isa = PBXBuildFile; fileRef = B7E99C0D2264E1A200D783E0 /* enemy2.png */; };
		B7E99C152264E21F00D783E0 /* top2.png in Resources */ = {isa = PBXBuildFile; fileRef = B7E99C132264E21F00D783E0 /* top2.png */; };
		B7E99C162264E21F00D783E0 /* top1.png in Resources */ = {isa = PBXBuildFile; fileRef = B7E99C142264E21F00D783E0 /* top1.png */; };
		B7E99C182264E52400D783E0 /* Enemy.swift in Sources */ = {isa = PBXBuildFile; fileRef = B7E99C172264E52400D783E0 /* Enemy.swift */; };
		B7E99C1A2264E54600D783E0 /* Fish.swift in Sources */ = {isa = PBXBuildFile; fileRef = B7E99C192264E54600D783E0 /* Fish.swift */; };
		B7E99C1C2264E55E00D783E0 /* PlayViewController.swift in Sources */ = {isa = PBXBuildFile; fileRef = B7E99C1B2264E55E00D783E0 /* PlayViewController.swift */; };
/* End PBXBuildFile section */

/* Begin PBXFileReference section */
		B7E99BF32264E18500D783E0 /* MarioGame.app */ = {isa = PBXFileReference; explicitFileType = wrapper.application; includeInIndex = 0; path = MarioGame.app; sourceTree = BUILT_PRODUCTS_DIR; };
		B7E99BF62264E18500D783E0 /* AppDelegate.swift */ = {isa = PBXFileReference; lastKnownFileType = sourcecode.swift; path = AppDelegate.swift; sourceTree = "<group>"; };
		B7E99BF82264E18500D783E0 /* ViewController.swift */ = {isa = PBXFileReference; lastKnownFileType = sourcecode.swift; path = ViewController.swift; sourceTree = "<group>"; };
		B7E99BFB2264E18500D783E0 /* Base */ = {isa = PBXFileReference; lastKnownFileType = file.storyboard; name = Base; path = Base.lproj/Main.storyboard; sourceTree = "<group>"; };
		B7E99BFD2264E18700D783E0 /* Assets.xcassets */ = {isa = PBXFileReference; lastKnownFileType = folder.assetcatalog; path = Assets.xcassets; sourceTree = "<group>"; };
		B7E99C002264E18700D783E0 /* Base */ = {isa = PBXFileReference; lastKnownFileType = file.storyboard; name = Base; path = Base.lproj/LaunchScreen.storyboard; sourceTree = "<group>"; };
		B7E99C022264E18700D783E0 /* Info.plist */ = {isa = PBXFileReference; lastKnownFileType = text.plist.xml; path = Info.plist; sourceTree = "<group>"; };
		B7E99C092264E1A200D783E0 /* fish1.png */ = {isa = PBXFileReference; lastKnownFileType = image.png; path = fish1.png; sourceTree = "<group>"; };
		B7E99C0A2264E1A200D783E0 /* fish2.png */ = {isa = PBXFileReference; lastKnownFileType = image.png; path = fish2.png; sourceTree = "<group>"; };
		B7E99C0B2264E1A200D783E0 /* enemy1.png */ = {isa = PBXFileReference; lastKnownFileType = image.png; path = enemy1.png; sourceTree = "<group>"; };
		B7E99C0C2264E1A200D783E0 /* enemy3.png */ = {isa = PBXFileReference; lastKnownFileType = image.png; path = enemy3.png; sourceTree = "<group>"; };
		B7E99C0D2264E1A200D783E0 /* enemy2.png */ = {isa = PBXFileReference; lastKnownFileType = image.png; path = enemy2.png; sourceTree = "<group>"; };
		B7E99C132264E21F00D783E0 /* top2.png */ = {isa = PBXFileReference; lastKnownFileType = image.png; path = top2.png; sourceTree = "<group>"; };
		B7E99C142264E21F00D783E0 /* top1.png */ = {isa = PBXFileReference; lastKnownFileType = image.png; path = top1.png; sourceTree = "<group>"; };
		B7E99C172264E52400D783E0 /* Enemy.swift */ = {isa = PBXFileReference; lastKnownFileType = sourcecode.swift; path = Enemy.swift; sourceTree = "<group>"; };
		B7E99C192264E54600D783E0 /* Fish.swift */ = {isa = PBXFileReference; lastKnownFileType = sourcecode.swift; path = Fish.swift; sourceTree = "<group>"; };
		B7E99C1B2264E55E00D783E0 /* PlayViewController.swift */ = {isa = PBXFileReference; lastKnownFileType = sourcecode.swift; path = PlayViewController.swift; sourceTree = "<group>"; };
/* End PBXFileReference section */

/* Begin PBXFrameworksBuildPhase section */
		B7E99BF02264E18500D783E0 /* Frameworks */ = {
			isa = PBXFrameworksBuildPhase;
			buildActionMask = 2147483647;
			files = (
			);
			runOnlyForDeploymentPostprocessing = 0;
		};
/* End PBXFrameworksBuildPhase section */

/* Begin PBXGroup section */
		B7E99BEA2264E18500D783E0 = {
			isa = PBXGroup;
			children = (
				B7E99C082264E1A200D783E0 /* Images */,
				B7E99BF52264E18500D783E0 /* MarioGame */,
				B7E99BF42264E18500D783E0 /* Products */,
			);
			sourceTree = "<group>";
		};
		B7E99BF42264E18500D783E0 /* Products */ = {
			isa = PBXGroup;
			children = (
				B7E99BF32264E18500D783E0 /* MarioGame.app */,
			);
			name = Products;
			sourceTree = "<group>";
		};
		B7E99BF52264E18500D783E0 /* MarioGame */ = {
			isa = PBXGroup;
			children = (
				B7E99BF62264E18500D783E0 /* AppDelegate.swift */,
				B7E99C192264E54600D783E0 /* Fish.swift */,
				B7E99C1B2264E55E00D783E0 /* PlayViewController.swift */,
				B7E99BF82264E18500D783E0 /* ViewController.swift */,
				B7E99BFA2264E18500D783E0 /* Main.storyboard */,
				B7E99C172264E52400D783E0 /* Enemy.swift */,
				B7E99BFD2264E18700D783E0 /* Assets.xcassets */,
				B7E99BFF2264E18700D783E0 /* LaunchScreen.storyboard */,
				B7E99C022264E18700D783E0 /* Info.plist */,
			);
			path = MarioGame;
			sourceTree = "<group>";
		};
		B7E99C082264E1A200D783E0 /* Images */ = {
			isa = PBXGroup;
			children = (
				B7E99C142264E21F00D783E0 /* top1.png */,
				B7E99C132264E21F00D783E0 /* top2.png */,
				B7E99C092264E1A200D783E0 /* fish1.png */,
				B7E99C0A2264E1A200D783E0 /* fish2.png */,
				B7E99C0B2264E1A200D783E0 /* enemy1.png */,
				B7E99C0C2264E1A200D783E0 /* enemy3.png */,
				B7E99C0D2264E1A200D783E0 /* enemy2.png */,
			);
			path = Images;
			sourceTree = "<group>";
		};
/* End PBXGroup section */

/* Begin PBXNativeTarget section */
		B7E99BF22264E18500D783E0 /* MarioGame */ = {
			isa = PBXNativeTarget;
			buildConfigurationList = B7E99C052264E18700D783E0 /* Build configuration list for PBXNativeTarget "MarioGame" */;
			buildPhases = (
				B7E99BEF2264E18500D783E0 /* Sources */,
				B7E99BF02264E18500D783E0 /* Frameworks */,
				B7E99BF12264E18500D783E0 /* Resources */,
			);
			buildRules = (
			);
			dependencies = (
			);
			name = MarioGame;
			productName = MarioGame;
			productReference = B7E99BF32264E18500D783E0 /* MarioGame.app */;
			productType = "com.apple.product-type.application";
		};
/* End PBXNativeTarget section */

/* Begin PBXProject section */
		B7E99BEB2264E18500D783E0 /* Project object */ = {
			isa = PBXProject;
			attributes = {
				LastSwiftUpdateCheck = 1010;
				LastUpgradeCheck = 1010;
				ORGANIZATIONNAME = kyosukenakashima;
				TargetAttributes = {
					B7E99BF22264E18500D783E0 = {
						CreatedOnToolsVersion = 10.1;
					};
				};
			};
			buildConfigurationList = B7E99BEE2264E18500D783E0 /* Build configuration list for PBXProject "MarioGame" */;
			compatibilityVersion = "Xcode 9.3";
			developmentRegion = en;
			hasScannedForEncodings = 0;
			knownRegions = (
				en,
				Base,
			);
			mainGroup = B7E99BEA2264E18500D783E0;
			productRefGroup = B7E99BF42264E18500D783E0 /* Products */;
			projectDirPath = "";
			projectRoot = "";
			targets = (
				B7E99BF22264E18500D783E0 /* MarioGame */,
			);
		};
/* End PBXProject section */

/* Begin PBXResourcesBuildPhase section */
		B7E99BF12264E18500D783E0 /* Resources */ = {
			isa = PBXResourcesBuildPhase;
			buildActionMask = 2147483647;
			files = (
				B7E99C012264E18700D783E0 /* LaunchScreen.storyboard in Resources */,
				B7E99C162264E21F00D783E0 /* top1.png in Resources */,
				B7E99C0F2264E1A200D783E0 /* fish2.png in Resources */,
				B7E99C152264E21F00D783E0 /* top2.png in Resources */,
				B7E99C112264E1A200D783E0 /* enemy3.png in Resources */,
				B7E99BFE2264E18700D783E0 /* Assets.xcassets in Resources */,
				B7E99C0E2264E1A200D783E0 /* fish1.png in Resources */,
				B7E99C122264E1A200D783E0 /* enemy2.png in Resources */,
				B7E99C102264E1A200D783E0 /* enemy1.png in Resources */,
				B7E99BFC2264E18500D783E0 /* Main.storyboard in Resources */,
			);
			runOnlyForDeploymentPostprocessing = 0;
		};
/* End PBXResourcesBuildPhase section */

/* Begin PBXSourcesBuildPhase section */
		B7E99BEF2264E18500D783E0 /* Sources */ = {
			isa = PBXSourcesBuildPhase;
			buildActionMask = 2147483647;
			files = (
				B7E99BF92264E18500D783E0 /* ViewController.swift in Sources */,
				B7E99C1C2264E55E00D783E0 /* PlayViewController.swift in Sources */,
				B7E99BF72264E18500D783E0 /* AppDelegate.swift in Sources */,
				B7E99C182264E52400D783E0 /* Enemy.swift in Sources */,
				B7E99C1A2264E54600D783E0 /* Fish.swift in Sources */,
			);
			runOnlyForDeploymentPostprocessing = 0;
		};
/* End PBXSourcesBuildPhase section */

/* Begin PBXVariantGroup section */
		B7E99BFA2264E18500D783E0 /* Main.storyboard */ = {
			isa = PBXVariantGroup;
			children = (
				B7E99BFB2264E18500D783E0 /* Base */,
			);
			name = Main.storyboard;
			sourceTree = "<group>";
		};
		B7E99BFF2264E18700D783E0 /* LaunchScreen.storyboard */ = {
			isa = PBXVariantGroup;
			children = (
				B7E99C002264E18700D783E0 /* Base */,
			);
			name = LaunchScreen.storyboard;
			sourceTree = "<group>";
		};
/* End PBXVariantGroup section */

/* Begin XCBuildConfiguration section */
		B7E99C032264E18700D783E0 /* Debug */ = {
			isa = XCBuildConfiguration;
			buildSettings = {
				ALWAYS_SEARCH_USER_PATHS = NO;
				CLANG_ANALYZER_NONNULL = YES;
				CLANG_ANALYZER_NUMBER_OBJECT_CONVERSION = YES_AGGRESSIVE;
				CLANG_CXX_LANGUAGE_STANDARD = "gnu++14";
				CLANG_CXX_LIBRARY = "libc++";
				CLANG_ENABLE_MODULES = YES;
				CLANG_ENABLE_OBJC_ARC = YES;
				CLANG_ENABLE_OBJC_WEAK = YES;
				CLANG_WARN_BLOCK_CAPTURE_AUTORELEASING = YES;
				CLANG_WARN_BOOL_CONVERSION = YES;
				CLANG_WARN_COMMA = YES;
				CLANG_WARN_CONSTANT_CONVERSION = YES;
				CLANG_WARN_DEPRECATED_OBJC_IMPLEMENTATIONS = YES;
				CLANG_WARN_DIRECT_OBJC_ISA_USAGE = YES_ERROR;
				CLANG_WARN_DOCUMENTATION_COMMENTS = YES;
				CLANG_WARN_EMPTY_BODY = YES;
				CLANG_WARN_ENUM_CONVERSION = YES;
				CLANG_WARN_INFINITE_RECURSION = YES;
				CLANG_WARN_INT_CONVERSION = YES;
				CLANG_WARN_NON_LITERAL_NULL_CONVERSION = YES;
				CLANG_WARN_OBJC_IMPLICIT_RETAIN_SELF = YES;
				CLANG_WARN_OBJC_LITERAL_CONVERSION = YES;
				CLANG_WARN_OBJC_ROOT_CLASS = YES_ERROR;
				CLANG_WARN_RANGE_LOOP_ANALYSIS = YES;
				CLANG_WARN_STRICT_PROTOTYPES = YES;
				CLANG_WARN_SUSPICIOUS_MOVE = YES;
				CLANG_WARN_UNGUARDED_AVAILABILITY = YES_AGGRESSIVE;
				CLANG_WARN_UNREACHABLE_CODE = YES;
				CLANG_WARN__DUPLICATE_METHOD_MATCH = YES;
				CODE_SIGN_IDENTITY = "iPhone Developer";
				COPY_PHASE_STRIP = NO;
				DEBUG_INFORMATION_FORMAT = dwarf;
				ENABLE_STRICT_OBJC_MSGSEND = YES;
				ENABLE_TESTABILITY = YES;
				GCC_C_LANGUAGE_STANDARD = gnu11;
				GCC_DYNAMIC_NO_PIC = NO;
				GCC_NO_COMMON_BLOCKS = YES;
				GCC_OPTIMIZATION_LEVEL = 0;
				GCC_PREPROCESSOR_DEFINITIONS = (
					"DEBUG=1",
					"$(inherited)",
				);
				GCC_WARN_64_TO_32_BIT_CONVERSION = YES;
				GCC_WARN_ABOUT_RETURN_TYPE = YES_ERROR;
				GCC_WARN_UNDECLARED_SELECTOR = YES;
				GCC_WARN_UNINITIALIZED_AUTOS = YES_AGGRESSIVE;
				GCC_WARN_UNUSED_FUNCTION = YES;
				GCC_WARN_UNUSED_VARIABLE = YES;
				IPHONEOS_DEPLOYMENT_TARGET = 12.1;
				MTL_ENABLE_DEBUG_INFO = INCLUDE_SOURCE;
				MTL_FAST_MATH = YES;
				ONLY_ACTIVE_ARCH = YES;
				SDKROOT = iphoneos;
				SWIFT_ACTIVE_COMPILATION_CONDITIONS = DEBUG;
				SWIFT_OPTIMIZATION_LEVEL = "-Onone";
			};
			name = Debug;
		};
		B7E99C042264E18700D783E0 /* Release */ = {
			isa = XCBuildConfiguration;
			buildSettings = {
				ALWAYS_SEARCH_USER_PATHS = NO;
				CLANG_ANALYZER_NONNULL = YES;
				CLANG_ANALYZER_NUMBER_OBJECT_CONVERSION = YES_AGGRESSIVE;
				CLANG_CXX_LANGUAGE_STANDARD = "gnu++14";
				CLANG_CXX_LIBRARY = "libc++";
				CLANG_ENABLE_MODULES = YES;
				CLANG_ENABLE_OBJC_ARC = YES;
				CLANG_ENABLE_OBJC_WEAK = YES;
				CLANG_WARN_BLOCK_CAPTURE_AUTORELEASING = YES;
				CLANG_WARN_BOOL_CONVERSION = YES;
				CLANG_WARN_COMMA = YES;
				CLANG_WARN_CONSTANT_CONVERSION = YES;
				CLANG_WARN_DEPRECATED_OBJC_IMPLEMENTATIONS = YES;
				CLANG_WARN_DIRECT_OBJC_ISA_USAGE = YES_ERROR;
				CLANG_WARN_DOCUMENTATION_COMMENTS = YES;
				CLANG_WARN_EMPTY_BODY = YES;
				CLANG_WARN_ENUM_CONVERSION = YES;
				CLANG_WARN_INFINITE_RECURSION = YES;
				CLANG_WARN_INT_CONVERSION = YES;
				CLANG_WARN_NON_LITERAL_NULL_CONVERSION = YES;
				CLANG_WARN_OBJC_IMPLICIT_RETAIN_SELF = YES;
				CLANG_WARN_OBJC_LITERAL_CONVERSION = YES;
				CLANG_WARN_OBJC_ROOT_CLASS = YES_ERROR;
				CLANG_WARN_RANGE_LOOP_ANALYSIS = YES;
				CLANG_WARN_STRICT_PROTOTYPES = YES;
				CLANG_WARN_SUSPICIOUS_MOVE = YES;
				CLANG_WARN_UNGUARDED_AVAILABILITY = YES_AGGRESSIVE;
				CLANG_WARN_UNREACHABLE_CODE = YES;
				CLANG_WARN__DUPLICATE_METHOD_MATCH = YES;
				CODE_SIGN_IDENTITY = "iPhone Developer";
				COPY_PHASE_STRIP = NO;
				DEBUG_INFORMATION_FORMAT = "dwarf-with-dsym";
				ENABLE_NS_ASSERTIONS = NO;
				ENABLE_STRICT_OBJC_MSGSEND = YES;
				GCC_C_LANGUAGE_STANDARD = gnu11;
				GCC_NO_COMMON_BLOCKS = YES;
				GCC_WARN_64_TO_32_BIT_CONVERSION = YES;
				GCC_WARN_ABOUT_RETURN_TYPE = YES_ERROR;
				GCC_WARN_UNDECLARED_SELECTOR = YES;
				GCC_WARN_UNINITIALIZED_AUTOS = YES_AGGRESSIVE;
				GCC_WARN_UNUSED_FUNCTION = YES;
				GCC_WARN_UNUSED_VARIABLE = YES;
				IPHONEOS_DEPLOYMENT_TARGET = 12.1;
				MTL_ENABLE_DEBUG_INFO = NO;
				MTL_FAST_MATH = YES;
				SDKROOT = iphoneos;
				SWIFT_COMPILATION_MODE = wholemodule;
				SWIFT_OPTIMIZATION_LEVEL = "-O";
				VALIDATE_PRODUCT = YES;
			};
			name = Release;
		};
		B7E99C062264E18700D783E0 /* Debug */ = {
			isa = XCBuildConfiguration;
			buildSettings = {
				ASSETCATALOG_COMPILER_APPICON_NAME = AppIcon;
				CODE_SIGN_STYLE = Automatic;
				DEVELOPMENT_TEAM = 767CHYV773;
				INFOPLIST_FILE = MarioGame/Info.plist;
				LD_RUNPATH_SEARCH_PATHS = (
					"$(inherited)",
					"@executable_path/Frameworks",
				);
				PRODUCT_BUNDLE_IDENTIFIER = kyosukenakashima.MarioGame;
				PRODUCT_NAME = "$(TARGET_NAME)";
				SWIFT_VERSION = 4.2;
				TARGETED_DEVICE_FAMILY = "1,2";
			};
			name = Debug;
		};
		B7E99C072264E18700D783E0 /* Release */ = {
			isa = XCBuildConfiguration;
			buildSettings = {
				ASSETCATALOG_COMPILER_APPICON_NAME = AppIcon;
				CODE_SIGN_STYLE = Automatic;
				DEVELOPMENT_TEAM = 767CHYV773;
				INFOPLIST_FILE = MarioGame/Info.plist;
				LD_RUNPATH_SEARCH_PATHS = (
					"$(inherited)",
					"@executable_path/Frameworks",
				);
				PRODUCT_BUNDLE_IDENTIFIER = kyosukenakashima.MarioGame;
				PRODUCT_NAME = "$(TARGET_NAME)";
				SWIFT_VERSION = 4.2;
				TARGETED_DEVICE_FAMILY = "1,2";
			};
			name = Release;
		};
/* End XCBuildConfiguration section */

/* Begin XCConfigurationList section */
		B7E99BEE2264E18500D783E0 /* Build configuration list for PBXProject "MarioGame" */ = {
			isa = XCConfigurationList;
			buildConfigurations = (
				B7E99C032264E18700D783E0 /* Debug */,
				B7E99C042264E18700D783E0 /* Release */,
			);
			defaultConfigurationIsVisible = 0;
			defaultConfigurationName = Release;
		};
		B7E99C052264E18700D783E0 /* Build configuration list for PBXNativeTarget "MarioGame" */ = {
			isa = XCConfigurationList;
			buildConfigurations = (
				B7E99C062264E18700D783E0 /* Debug */,
				B7E99C072264E18700D783E0 /* Release */,
			);
			defaultConfigurationIsVisible = 0;
			defaultConfigurationName = Release;
		};
/* End XCConfigurationList section */
	};
	rootObject = B7E99BEB2264E18500D783E0 /* Project object */;
}
